
Microsoft Visual Studio Solution File, Format Version 12.00
# Visual Studio Version 17
VisualStudioVersion = 17.2.32630.192
MinimumVisualStudioVersion = 10.0.40219.1
Project("{FAE04EC0-301F-11D3-BF4B-00C04F79EFBC}") = "Methods1", "Methods1\Methods1.csproj", "{48290C63-7FF6-4891-9801-876A13C38BAF}"
EndProject
Global
	GlobalSection(SolutionConfigurationPlatforms) = preSolution
		Debug|Any CPU = Debug|Any CPU
		Release|Any CPU = Release|Any CPU
	EndGlobalSection
	GlobalSection(ProjectConfigurationPlatforms) = postSolution
		{48290C63-7FF6-4891-9801-876A13C38BAF}.Debug|Any CPU.ActiveCfg = Debug|Any CPU
		{48290C63-7FF6-4891-9801-876A13C38BAF}.Debug|Any CPU.Build.0 = Debug|Any CPU
		{48290C63-7FF6-4891-9801-876A13C38BAF}.Release|Any CPU.ActiveCfg = Release|Any CPU
		{48290C63-7FF6-4891-9801-876A13C38BAF}.Release|Any CPU.Build.0 = Release|Any CPU
	EndGlobalSection
	GlobalSection(SolutionProperties) = preSolution
		HideSolutionNode = FALSE
	EndGlobalSection
	GlobalSection(ExtensibilityGlobals) = postSolution
		SolutionGuid = {E2677795-9E13-40E5-90FB-0EA2D41B03D7}
	EndGlobalSection
EndGlobal
